
Microsoft Visual Studio Solution File, Format Version 11.00
# Visual Studio 2010
Project("{FAE04EC0-301F-11D3-BF4B-00C04F79EFBC}") = "USB2GPIOTest", "USB2GPIOTest\USB2GPIOTest.csproj", "{B67F58B9-E0A7-49E1-A06E-9AA2C8D7FDFB}"
EndProject
Global
	GlobalSection(SolutionConfigurationPlatforms) = preSolution
		Debug|x86 = Debug|x86
		Release|x86 = Release|x86
	EndGlobalSection
	GlobalSection(ProjectConfigurationPlatforms) = postSolution
		{B67F58B9-E0A7-49E1-A06E-9AA2C8D7FDFB}.Debug|x86.ActiveCfg = Debug|x86
		{B67F58B9-E0A7-49E1-A06E-9AA2C8D7FDFB}.Debug|x86.Build.0 = Debug|x86
		{B67F58B9-E0A7-49E1-A06E-9AA2C8D7FDFB}.Release|x86.ActiveCfg = Release|x86
		{B67F58B9-E0A7-49E1-A06E-9AA2C8D7FDFB}.Release|x86.Build.0 = Release|x86
	EndGlobalSection
	GlobalSection(SolutionProperties) = preSolution
		HideSolutionNode = FALSE
	EndGlobalSection
EndGlobal
